// !$*UTF8*$!
{
	archiveVersion = 1;
	classes = {
	};
	objectVersion = 46;
	objects = {

/* Begin PBXBuildFile section */
		C24879271B53983000869B25 /* main.m in Sources */ = {isa = PBXBuildFile; fileRef = C24879261B53983000869B25 /* main.m */; };
		C248792A1B53983000869B25 /* AppDelegate.m in Sources */ = {isa = PBXBuildFile; fileRef = C24879291B53983000869B25 /* AppDelegate.m */; };
		C248792D1B53983000869B25 /* ViewController.m in Sources */ = {isa = PBXBuildFile; fileRef = C248792C1B53983000869B25 /* ViewController.m */; };
		C24879301B53983000869B25 /* Main.storyboard in Resources */ = {isa = PBXBuildFile; fileRef = C248792E1B53983000869B25 /* Main.storyboard */; };
		C24879321B53983000869B25 /* Images.xcassets in Resources */ = {isa = PBXBuildFile; fileRef = C24879311B53983000869B25 /* Images.xcassets */; };
		C24879351B53983000869B25 /* LaunchScreen.xib in Resources */ = {isa = PBXBuildFile; fileRef = C24879331B53983000869B25 /* LaunchScreen.xib */; };
		C24879411B53983000869B25 /* _1111Tests.m in Sources */ = {isa = PBXBuildFile; fileRef = C24879401B53983000869B25 /* _1111Tests.m */; };
/* End PBXBuildFile section */

/* Begin PBXContainerItemProxy section */
		C248793B1B53983000869B25 /* PBXContainerItemProxy */ = {
			isa = PBXContainerItemProxy;
			containerPortal = C24879191B53983000869B25 /* Project object */;
			proxyType = 1;
			remoteGlobalIDString = C24879201B53983000869B25;
			remoteInfo = 11111;
		};
/* End PBXContainerItemProxy section */

/* Begin PBXFileReference section */
		C24879211B53983000869B25 /* 11111.app */ = {isa = PBXFileReference; explicitFileType = wrapper.application; includeInIndex = 0; path = 11111.app; sourceTree = BUILT_PRODUCTS_DIR; };
		C24879251B53983000869B25 /* Info.plist */ = {isa = PBXFileReference; lastKnownFileType = text.plist.xml; path = Info.plist; sourceTree = "<group>"; };
		C24879261B53983000869B25 /* main.m */ = {isa = PBXFileReference; lastKnownFileType = sourcecode.c.objc; path = main.m; sourceTree = "<group>"; };
		C24879281B53983000869B25 /* AppDelegate.h */ = {isa = PBXFileReference; lastKnownFileType = sourcecode.c.h; path = AppDelegate.h; sourceTree = "<group>"; };
		C24879291B53983000869B25 /* AppDelegate.m */ = {isa = PBXFileReference; lastKnownFileType = sourcecode.c.objc; path = AppDelegate.m; sourceTree = "<group>"; };
		C248792B1B53983000869B25 /* ViewController.h */ = {isa = PBXFileReference; lastKnownFileType = sourcecode.c.h; path = ViewController.h; sourceTree = "<group>"; };
		C248792C1B53983000869B25 /* ViewController.m */ = {isa = PBXFileReference; lastKnownFileType = sourcecode.c.objc; path = ViewController.m; sourceTree = "<group>"; };
		C248792F1B53983000869B25 /* Base */ = {isa = PBXFileReference; lastKnownFileType = file.storyboard; name = Base; path = Base.lproj/Main.storyboard; sourceTree = "<group>"; };
		C24879311B53983000869B25 /* Images.xcassets */ = {isa = PBXFileReference; lastKnownFileType = folder.assetcatalog; path = Images.xcassets; sourceTree = "<group>"; };
		C24879341B53983000869B25 /* Base */ = {isa = PBXFileReference; lastKnownFileType = file.xib; name = Base; path = Base.lproj/LaunchScreen.xib; sourceTree = "<group>"; };
		C248793A1B53983000869B25 /* 11111Tests.xctest */ = {isa = PBXFileReference; explicitFileType = wrapper.cfbundle; includeInIndex = 0; path = 11111Tests.xctest; sourceTree = BUILT_PRODUCTS_DIR; };
		C248793F1B53983000869B25 /* Info.plist */ = {isa = PBXFileReference; lastKnownFileType = text.plist.xml; path = Info.plist; sourceTree = "<group>"; };
		C24879401B53983000869B25 /* _1111Tests.m */ = {isa = PBXFileReference; lastKnownFileType = sourcecode.c.objc; path = _1111Tests.m; sourceTree = "<group>"; };
/* End PBXFileReference section */

/* Begin PBXFrameworksBuildPhase section */
		C248791E1B53983000869B25 /* Frameworks */ = {
			isa = PBXFrameworksBuildPhase;
			buildActionMask = 2147483647;
			files = (
			);
			runOnlyForDeploymentPostprocessing = 0;
		};
		C24879371B53983000869B25 /* Frameworks */ = {
			isa = PBXFrameworksBuildPhase;
			buildActionMask = 2147483647;
			files = (
			);
			runOnlyForDeploymentPostprocessing = 0;
		};
/* End PBXFrameworksBuildPhase section */

/* Begin PBXGroup section */
		C24879181B53983000869B25 = {
			isa = PBXGroup;
			children = (
				C24879231B53983000869B25 /* 11111 */,
				C248793D1B53983000869B25 /* 11111Tests */,
				C24879221B53983000869B25 /* Products */,
			);
			sourceTree = "<group>";
		};
		C24879221B53983000869B25 /* Products */ = {
			isa = PBXGroup;
			children = (
				C24879211B53983000869B25 /* 11111.app */,
				C248793A1B53983000869B25 /* 11111Tests.xctest */,
			);
			name = Products;
			sourceTree = "<group>";
		};
		C24879231B53983000869B25 /* 11111 */ = {
			isa = PBXGroup;
			children = (
				C24879281B53983000869B25 /* AppDelegate.h */,
				C24879291B53983000869B25 /* AppDelegate.m */,
				C248792B1B53983000869B25 /* ViewController.h */,
				C248792C1B53983000869B25 /* ViewController.m */,
				C248792E1B53983000869B25 /* Main.storyboard */,
				C24879311B53983000869B25 /* Images.xcassets */,
				C24879331B53983000869B25 /* LaunchScreen.xib */,
				C24879241B53983000869B25 /* Supporting Files */,
			);
			path = 11111;
			sourceTree = "<group>";
		};
		C24879241B53983000869B25 /* Supporting Files */ = {
			isa = PBXGroup;
			children = (
				C24879251B53983000869B25 /* Info.plist */,
				C24879261B53983000869B25 /* main.m */,
			);
			name = "Supporting Files";
			sourceTree = "<group>";
		};
		C248793D1B53983000869B25 /* 11111Tests */ = {
			isa = PBXGroup;
			children = (
				C24879401B53983000869B25 /* _1111Tests.m */,
				C248793E1B53983000869B25 /* Supporting Files */,
			);
			path = 11111Tests;
			sourceTree = "<group>";
		};
		C248793E1B53983000869B25 /* Supporting Files */ = {
			isa = PBXGroup;
			children = (
				C248793F1B53983000869B25 /* Info.plist */,
			);
			name = "Supporting Files";
			sourceTree = "<group>";
		};
/* End PBXGroup section */

/* Begin PBXNativeTarget section */
		C24879201B53983000869B25 /* 11111 */ = {
			isa = PBXNativeTarget;
			buildConfigurationList = C24879441B53983000869B25 /* Build configuration list for PBXNativeTarget "11111" */;
			buildPhases = (
				C248791D1B53983000869B25 /* Sources */,
				C248791E1B53983000869B25 /* Frameworks */,
				C248791F1B53983000869B25 /* Resources */,
			);
			buildRules = (
			);
			dependencies = (
			);
			name = 11111;
			productName = 11111;
			productReference = C24879211B53983000869B25 /* 11111.app */;
			productType = "com.apple.product-type.application";
		};
		C24879391B53983000869B25 /* 11111Tests */ = {
			isa = PBXNativeTarget;
			buildConfigurationList = C24879471B53983000869B25 /* Build configuration list for PBXNativeTarget "11111Tests" */;
			buildPhases = (
				C24879361B53983000869B25 /* Sources */,
				C24879371B53983000869B25 /* Frameworks */,
				C24879381B53983000869B25 /* Resources */,
			);
			buildRules = (
			);
			dependencies = (
				C248793C1B53983000869B25 /* PBXTargetDependency */,
			);
			name = 11111Tests;
			productName = 11111Tests;
			productReference = C248793A1B53983000869B25 /* 11111Tests.xctest */;
			productType = "com.apple.product-type.bundle.unit-test";
		};
/* End PBXNativeTarget section */

/* Begin PBXProject section */
		C24879191B53983000869B25 /* Project object */ = {
			isa = PBXProject;
			attributes = {
				LastUpgradeCheck = 0630;
				ORGANIZATIONNAME = "宝哥带我飞吧";
				TargetAttributes = {
					C24879201B53983000869B25 = {
						CreatedOnToolsVersion = 6.3.2;
					};
					C24879391B53983000869B25 = {
						CreatedOnToolsVersion = 6.3.2;
						TestTargetID = C24879201B53983000869B25;
					};
				};
			};
			buildConfigurationList = C248791C1B53983000869B25 /* Build configuration list for PBXProject "11111" */;
			compatibilityVersion = "Xcode 3.2";
			developmentRegion = English;
			hasScannedForEncodings = 0;
			knownRegions = (
				en,
				Base,
			);
			mainGroup = C24879181B53983000869B25;
			productRefGroup = C24879221B53983000869B25 /* Products */;
			projectDirPath = "";
			projectRoot = "";
			targets = (
				C24879201B53983000869B25 /* 11111 */,
				C24879391B53983000869B25 /* 11111Tests */,
			);
		};
/* End PBXProject section */

/* Begin PBXResourcesBuildPhase section */
		C248791F1B53983000869B25 /* Resources */ = {
			isa = PBXResourcesBuildPhase;
			buildActionMask = 2147483647;
			files = (
				C24879301B53983000869B25 /* Main.storyboard in Resources */,
				C24879351B53983000869B25 /* LaunchScreen.xib in Resources */,
				C24879321B53983000869B25 /* Images.xcassets in Resources */,
			);
			runOnlyForDeploymentPostprocessing = 0;
		};
		C24879381B53983000869B25 /* Resources */ = {
			isa = PBXResourcesBuildPhase;
			buildActionMask = 2147483647;
			files = (
			);
			runOnlyForDeploymentPostprocessing = 0;
		};
/* End PBXResourcesBuildPhase section */

/* Begin PBXSourcesBuildPhase section */
		C248791D1B53983000869B25 /* Sources */ = {
			isa = PBXSourcesBuildPhase;
			buildActionMask = 2147483647;
			files = (
				C248792D1B53983000869B25 /* ViewController.m in Sources */,
				C248792A1B53983000869B25 /* AppDelegate.m in Sources */,
				C24879271B53983000869B25 /* main.m in Sources */,
			);
			runOnlyForDeploymentPostprocessing = 0;
		};
		C24879361B53983000869B25 /* Sources */ = {
			isa = PBXSourcesBuildPhase;
			buildActionMask = 2147483647;
			files = (
				C24879411B53983000869B25 /* _1111Tests.m in Sources */,
			);
			runOnlyForDeploymentPostprocessing = 0;
		};
/* End PBXSourcesBuildPhase section */

/* Begin PBXTargetDependency section */
		C248793C1B53983000869B25 /* PBXTargetDependency */ = {
			isa = PBXTargetDependency;
			target = C24879201B53983000869B25 /* 11111 */;
			targetProxy = C248793B1B53983000869B25 /* PBXContainerItemProxy */;
		};
/* End PBXTargetDependency section */

/* Begin PBXVariantGroup section */
		C248792E1B53983000869B25 /* Main.storyboard */ = {
			isa = PBXVariantGroup;
			children = (
				C248792F1B53983000869B25 /* Base */,
			);
			name = Main.storyboard;
			sourceTree = "<group>";
		};
		C24879331B53983000869B25 /* LaunchScreen.xib */ = {
			isa = PBXVariantGroup;
			children = (
				C24879341B53983000869B25 /* Base */,
			);
			name = LaunchScreen.xib;
			sourceTree = "<group>";
		};
/* End PBXVariantGroup section */

/* Begin XCBuildConfiguration section */
		C24879421B53983000869B25 /* Debug */ = {
			isa = XCBuildConfiguration;
			buildSettings = {
				ALWAYS_SEARCH_USER_PATHS = NO;
				CLANG_CXX_LANGUAGE_STANDARD = "gnu++0x";
				CLANG_CXX_LIBRARY = "libc++";
				CLANG_ENABLE_MODULES = YES;
				CLANG_ENABLE_OBJC_ARC = YES;
				CLANG_WARN_BOOL_CONVERSION = YES;
				CLANG_WARN_CONSTANT_CONVERSION = YES;
				CLANG_WARN_DIRECT_OBJC_ISA_USAGE = YES_ERROR;
				CLANG_WARN_EMPTY_BODY = YES;
				CLANG_WARN_ENUM_CONVERSION = YES;
				CLANG_WARN_INT_CONVERSION = YES;
				CLANG_WARN_OBJC_ROOT_CLASS = YES_ERROR;
				CLANG_WARN_UNREACHABLE_CODE = YES;
				CLANG_WARN__DUPLICATE_METHOD_MATCH = YES;
				"CODE_SIGN_IDENTITY[sdk=iphoneos*]" = "iPhone Developer";
				COPY_PHASE_STRIP = NO;
				DEBUG_INFORMATION_FORMAT = "dwarf-with-dsym";
				ENABLE_STRICT_OBJC_MSGSEND = YES;
				GCC_C_LANGUAGE_STANDARD = gnu99;
				GCC_DYNAMIC_NO_PIC = NO;
				GCC_NO_COMMON_BLOCKS = YES;
				GCC_OPTIMIZATION_LEVEL = 0;
				GCC_PREPROCESSOR_DEFINITIONS = (
					"DEBUG=1",
					"$(inherited)",
				);
				GCC_SYMBOLS_PRIVATE_EXTERN = NO;
				GCC_WARN_64_TO_32_BIT_CONVERSION = YES;
				GCC_WARN_ABOUT_RETURN_TYPE = YES_ERROR;
				GCC_WARN_UNDECLARED_SELECTOR = YES;
				GCC_WARN_UNINITIALIZED_AUTOS = YES_AGGRESSIVE;
				GCC_WARN_UNUSED_FUNCTION = YES;
				GCC_WARN_UNUSED_VARIABLE = YES;
				IPHONEOS_DEPLOYMENT_TARGET = 8.3;
				MTL_ENABLE_DEBUG_INFO = YES;
				ONLY_ACTIVE_ARCH = YES;
				SDKROOT = iphoneos;
			};
			name = Debug;
		};
		C24879431B53983000869B25 /* Release */ = {
			isa = XCBuildConfiguration;
			buildSettings = {
				ALWAYS_SEARCH_USER_PATHS = NO;
				CLANG_CXX_LANGUAGE_STANDARD = "gnu++0x";
				CLANG_CXX_LIBRARY = "libc++";
				CLANG_ENABLE_MODULES = YES;
				CLANG_ENABLE_OBJC_ARC = YES;
				CLANG_WARN_BOOL_CONVERSION = YES;
				CLANG_WARN_CONSTANT_CONVERSION = YES;
				CLANG_WARN_DIRECT_OBJC_ISA_USAGE = YES_ERROR;
				CLANG_WARN_EMPTY_BODY = YES;
				CLANG_WARN_ENUM_CONVERSION = YES;
				CLANG_WARN_INT_CONVERSION = YES;
				CLANG_WARN_OBJC_ROOT_CLASS = YES_ERROR;
				CLANG_WARN_UNREACHABLE_CODE = YES;
				CLANG_WARN__DUPLICATE_METHOD_MATCH = YES;
				"CODE_SIGN_IDENTITY[sdk=iphoneos*]" = "iPhone Developer";
				COPY_PHASE_STRIP = NO;
				DEBUG_INFORMATION_FORMAT = "dwarf-with-dsym";
				ENABLE_NS_ASSERTIONS = NO;
				ENABLE_STRICT_OBJC_MSGSEND = YES;
				GCC_C_LANGUAGE_STANDARD = gnu99;
				GCC_NO_COMMON_BLOCKS = YES;
				GCC_WARN_64_TO_32_BIT_CONVERSION = YES;
				GCC_WARN_ABOUT_RETURN_TYPE = YES_ERROR;
				GCC_WARN_UNDECLARED_SELECTOR = YES;
				GCC_WARN_UNINITIALIZED_AUTOS = YES_AGGRESSIVE;
				GCC_WARN_UNUSED_FUNCTION = YES;
				GCC_WARN_UNUSED_VARIABLE = YES;
				IPHONEOS_DEPLOYMENT_TARGET = 8.3;
				MTL_ENABLE_DEBUG_INFO = NO;
				SDKROOT = iphoneos;
				VALIDATE_PRODUCT = YES;
			};
			name = Release;
		};
		C24879451B53983000869B25 /* Debug */ = {
			isa = XCBuildConfiguration;
			buildSettings = {
				ASSETCATALOG_COMPILER_APPICON_NAME = AppIcon;
				INFOPLIST_FILE = 11111/Info.plist;
				LD_RUNPATH_SEARCH_PATHS = "$(inherited) @executable_path/Frameworks";
				PRODUCT_NAME = "$(TARGET_NAME)";
			};
			name = Debug;
		};
		C24879461B53983000869B25 /* Release */ = {
			isa = XCBuildConfiguration;
			buildSettings = {
				ASSETCATALOG_COMPILER_APPICON_NAME = AppIcon;
				INFOPLIST_FILE = 11111/Info.plist;
				LD_RUNPATH_SEARCH_PATHS = "$(inherited) @executable_path/Frameworks";
				PRODUCT_NAME = "$(TARGET_NAME)";
			};
			name = Release;
		};
		C24879481B53983000869B25 /* Debug */ = {
			isa = XCBuildConfiguration;
			buildSettings = {
				BUNDLE_LOADER = "$(TEST_HOST)";
				FRAMEWORK_SEARCH_PATHS = (
					"$(SDKROOT)/Developer/Library/Frameworks",
					"$(inherited)",
				);
				GCC_PREPROCESSOR_DEFINITIONS = (
					"DEBUG=1",
					"$(inherited)",
				);
				INFOPLIST_FILE = 11111Tests/Info.plist;
				LD_RUNPATH_SEARCH_PATHS = "$(inherited) @executable_path/Frameworks @loader_path/Frameworks";
				PRODUCT_NAME = "$(TARGET_NAME)";
				TEST_HOST = "$(BUILT_PRODUCTS_DIR)/11111.app/11111";
			};
			name = Debug;
		};
		C24879491B53983000869B25 /* Release */ = {
			isa = XCBuildConfiguration;
			buildSettings = {
				BUNDLE_LOADER = "$(TEST_HOST)";
				FRAMEWORK_SEARCH_PATHS = (
					"$(SDKROOT)/Developer/Library/Frameworks",
					"$(inherited)",
				);
				INFOPLIST_FILE = 11111Tests/Info.plist;
				LD_RUNPATH_SEARCH_PATHS = "$(inherited) @executable_path/Frameworks @loader_path/Frameworks";
				PRODUCT_NAME = "$(TARGET_NAME)";
				TEST_HOST = "$(BUILT_PRODUCTS_DIR)/11111.app/11111";
			};
			name = Release;
		};
/* End XCBuildConfiguration section */

/* Begin XCConfigurationList section */
		C248791C1B53983000869B25 /* Build configuration list for PBXProject "11111" */ = {
			isa = XCConfigurationList;
			buildConfigurations = (
				C24879421B53983000869B25 /* Debug */,
				C24879431B53983000869B25 /* Release */,
			);
			defaultConfigurationIsVisible = 0;
			defaultConfigurationName = Release;
		};
		C24879441B53983000869B25 /* Build configuration list for PBXNativeTarget "11111" */ = {
			isa = XCConfigurationList;
			buildConfigurations = (
				C24879451B53983000869B25 /* Debug */,
				C24879461B53983000869B25 /* Release */,
			);
			defaultConfigurationIsVisible = 0;
		};
		C24879471B53983000869B25 /* Build configuration list for PBXNativeTarget "11111Tests" */ = {
			isa = XCConfigurationList;
			buildConfigurations = (
				C24879481B53983000869B25 /* Debug */,
				C24879491B53983000869B25 /* Release */,
			);
			defaultConfigurationIsVisible = 0;
		};
/* End XCConfigurationList section */
	};
	rootObject = C24879191B53983000869B25 /* Project object */;
}
